
Microsoft Visual Studio Solution File, Format Version 12.00
# Visual Studio Version 17
VisualStudioVersion = 17.9.34701.34
MinimumVisualStudioVersion = 10.0.40219.1
Project("{FAE04EC0-301F-11D3-BF4B-00C04F79EFBC}") = "SkillBox-Csharp-DZ11", "SkillBox-Csharp-DZ11.csproj", "{9D4D3DA6-BDFD-480C-8A5B-F790FEDFE8CD}"
EndProject
Global
	GlobalSection(SolutionConfigurationPlatforms) = preSolution
		Debug|Any CPU = Debug|Any CPU
		Release|Any CPU = Release|Any CPU
	EndGlobalSection
	GlobalSection(ProjectConfigurationPlatforms) = postSolution
		{9D4D3DA6-BDFD-480C-8A5B-F790FEDFE8CD}.Debug|Any CPU.ActiveCfg = Debug|Any CPU
		{9D4D3DA6-BDFD-480C-8A5B-F790FEDFE8CD}.Debug|Any CPU.Build.0 = Debug|Any CPU
		{9D4D3DA6-BDFD-480C-8A5B-F790FEDFE8CD}.Release|Any CPU.ActiveCfg = Release|Any CPU
		{9D4D3DA6-BDFD-480C-8A5B-F790FEDFE8CD}.Release|Any CPU.Build.0 = Release|Any CPU
	EndGlobalSection
	GlobalSection(SolutionProperties) = preSolution
		HideSolutionNode = FALSE
	EndGlobalSection
	GlobalSection(ExtensibilityGlobals) = postSolution
		SolutionGuid = {9AEC0661-F1A2-41D4-84B3-9111D861D413}
	EndGlobalSection
EndGlobal
